lockfileVersion: '9.0'

settings:
  autoInstallPeers: true
  excludeLinksFromLockfile: false

importers:

  .:
    dependencies:
      h3-js:
        specifier: ^4.3.0
        version: 4.3.0

packages:

  h3-js@4.3.0:
    resolution: {integrity: sha512-zgvyHZz5bEKeuyYGh0bF9/kYSxJ2SqroopkXHqKnD3lfjaZawcxulcI9nWbNC54gakl/2eObRLHWueTf1iLSaA==}
    engines: {node: '>=4', npm: '>=3', yarn: '>=1.3.0'}

snapshots:

  h3-js@4.3.0: {}
